
Microsoft Visual Studio Solution File, Format Version 11.00
# Visual Studio 14
VisualStudioVersion = 14.0.23107.0
MinimumVisualStudioVersion = 10.0.40219.1
Project("{FAE04EC0-301F-11D3-BF4B-00C04F79EFBC}") = "GMESH", "GMESH\GMESH.csproj", "{806D4B73-2D9D-4C7C-9DBD-FDE14649814A}"
EndProject
Project("{FAE04EC0-301F-11D3-BF4B-00C04F79EFBC}") = "Geometry", "Geometry\Geometry.csproj", "{5590CA7C-0384-44AA-9304-62F090091040}"
EndProject
Project("{FAE04EC0-301F-11D3-BF4B-00C04F79EFBC}") = "Solvers", "Solvers\Solvers.csproj", "{52E6F962-B234-46C9-A9CB-F90405425788}"
EndProject
Project("{FAE04EC0-301F-11D3-BF4B-00C04F79EFBC}") = "TestOfGeometry", "TestOfGeometry\TestOfGeometry.csproj", "{CA27D0AC-AF19-4B93-8E5D-CF62771A3201}"
EndProject
Global
	GlobalSection(SolutionConfigurationPlatforms) = preSolution
		Debug|Any CPU = Debug|Any CPU
		Release|Any CPU = Release|Any CPU
	EndGlobalSection
	GlobalSection(ProjectConfigurationPlatforms) = postSolution
		{806D4B73-2D9D-4C7C-9DBD-FDE14649814A}.Debug|Any CPU.ActiveCfg = Debug|Any CPU
		{806D4B73-2D9D-4C7C-9DBD-FDE14649814A}.Debug|Any CPU.Build.0 = Debug|Any CPU
		{806D4B73-2D9D-4C7C-9DBD-FDE14649814A}.Release|Any CPU.ActiveCfg = Release|Any CPU
		{806D4B73-2D9D-4C7C-9DBD-FDE14649814A}.Release|Any CPU.Build.0 = Release|Any CPU
		{5590CA7C-0384-44AA-9304-62F090091040}.Debug|Any CPU.ActiveCfg = Debug|Any CPU
		{5590CA7C-0384-44AA-9304-62F090091040}.Debug|Any CPU.Build.0 = Debug|Any CPU
		{5590CA7C-0384-44AA-9304-62F090091040}.Release|Any CPU.ActiveCfg = Release|Any CPU
		{5590CA7C-0384-44AA-9304-62F090091040}.Release|Any CPU.Build.0 = Release|Any CPU
		{52E6F962-B234-46C9-A9CB-F90405425788}.Debug|Any CPU.ActiveCfg = Debug|Any CPU
		{52E6F962-B234-46C9-A9CB-F90405425788}.Debug|Any CPU.Build.0 = Debug|Any CPU
		{52E6F962-B234-46C9-A9CB-F90405425788}.Release|Any CPU.ActiveCfg = Release|Any CPU
		{52E6F962-B234-46C9-A9CB-F90405425788}.Release|Any CPU.Build.0 = Release|Any CPU
		{CA27D0AC-AF19-4B93-8E5D-CF62771A3201}.Debug|Any CPU.ActiveCfg = Debug|Any CPU
		{CA27D0AC-AF19-4B93-8E5D-CF62771A3201}.Debug|Any CPU.Build.0 = Debug|Any CPU
		{CA27D0AC-AF19-4B93-8E5D-CF62771A3201}.Release|Any CPU.ActiveCfg = Release|Any CPU
		{CA27D0AC-AF19-4B93-8E5D-CF62771A3201}.Release|Any CPU.Build.0 = Release|Any CPU
	EndGlobalSection
	GlobalSection(SolutionProperties) = preSolution
		HideSolutionNode = FALSE
	EndGlobalSection
EndGlobal
